
Microsoft Visual Studio Solution File, Format Version 12.00
# Visual Studio Version 16
VisualStudioVersion = 16.0.31402.337
MinimumVisualStudioVersion = 10.0.40219.1
Project("{FAE04EC0-301F-11D3-BF4B-00C04F79EFBC}") = "gitpractice", "gitpractice\gitpractice.csproj", "{B6CF99C9-DE88-4207-8FCA-E74DD04828C3}"
EndProject
Global
	GlobalSection(SolutionConfigurationPlatforms) = preSolution
		Debug|Any CPU = Debug|Any CPU
		Release|Any CPU = Release|Any CPU
	EndGlobalSection
	GlobalSection(ProjectConfigurationPlatforms) = postSolution
		{B6CF99C9-DE88-4207-8FCA-E74DD04828C3}.Debug|Any CPU.ActiveCfg = Debug|Any CPU
		{B6CF99C9-DE88-4207-8FCA-E74DD04828C3}.Debug|Any CPU.Build.0 = Debug|Any CPU
		{B6CF99C9-DE88-4207-8FCA-E74DD04828C3}.Release|Any CPU.ActiveCfg = Release|Any CPU
		{B6CF99C9-DE88-4207-8FCA-E74DD04828C3}.Release|Any CPU.Build.0 = Release|Any CPU
	EndGlobalSection
	GlobalSection(SolutionProperties) = preSolution
		HideSolutionNode = FALSE
	EndGlobalSection
	GlobalSection(ExtensibilityGlobals) = postSolution
		SolutionGuid = {477082B3-3647-4F68-8F28-290EC766F543}
	EndGlobalSection
EndGlobal
